// !$*UTF8*$!
{
	archiveVersion = 1;
	classes = {
	};
	objectVersion = 46;
	objects = {

/* Begin PBXBuildFile section */
		619EF66A1E51A906006AFEB7 /* SYFMDBManager.m in Sources */ = {isa = PBXBuildFile; fileRef = 619EF6691E51A906006AFEB7 /* SYFMDBManager.m */; };
		61BED3881E4AECB500B5B91E /* TestViewController.m in Sources */ = {isa = PBXBuildFile; fileRef = 61BED3861E4AECB500B5B91E /* TestViewController.m */; };
		61BED3891E4AECB500B5B91E /* TestViewController.xib in Resources */ = {isa = PBXBuildFile; fileRef = 61BED3871E4AECB500B5B91E /* TestViewController.xib */; };
		61BED38C1E4AED9C00B5B91E /* TestModel.m in Sources */ = {isa = PBXBuildFile; fileRef = 61BED38B1E4AED9C00B5B91E /* TestModel.m */; };
		61DBF97A1E49DA8E00AEF42A /* main.m in Sources */ = {isa = PBXBuildFile; fileRef = 61DBF9791E49DA8E00AEF42A /* main.m */; };
		61DBF97D1E49DA8E00AEF42A /* AppDelegate.m in Sources */ = {isa = PBXBuildFile; fileRef = 61DBF97C1E49DA8E00AEF42A /* AppDelegate.m */; };
		61DBF97F1E49DA8E00AEF42A /* Assets.xcassets in Resources */ = {isa = PBXBuildFile; fileRef = 61DBF97E1E49DA8E00AEF42A /* Assets.xcassets */; };
		61DBF9821E49DA8E00AEF42A /* LaunchScreen.storyboard in Resources */ = {isa = PBXBuildFile; fileRef = 61DBF9801E49DA8E00AEF42A /* LaunchScreen.storyboard */; };
		61DBF98D1E49DA8E00AEF42A /* FMDBManagerTests.m in Sources */ = {isa = PBXBuildFile; fileRef = 61DBF98C1E49DA8E00AEF42A /* FMDBManagerTests.m */; };
		61DBF9981E49DA8E00AEF42A /* FMDBManagerUITests.m in Sources */ = {isa = PBXBuildFile; fileRef = 61DBF9971E49DA8E00AEF42A /* FMDBManagerUITests.m */; };
		61DBF9A71E49DAA100AEF42A /* MyViewController.m in Sources */ = {isa = PBXBuildFile; fileRef = 61DBF9A61E49DAA100AEF42A /* MyViewController.m */; };
		61DBF9AA1E49DAB000AEF42A /* MyModel.m in Sources */ = {isa = PBXBuildFile; fileRef = 61DBF9A91E49DAB000AEF42A /* MyModel.m */; };
		61DBF9BD1E49DAFB00AEF42A /* FMDatabase.m in Sources */ = {isa = PBXBuildFile; fileRef = 61DBF9B31E49DAFB00AEF42A /* FMDatabase.m */; };
		61DBF9BE1E49DAFB00AEF42A /* FMDatabaseAdditions.m in Sources */ = {isa = PBXBuildFile; fileRef = 61DBF9B51E49DAFB00AEF42A /* FMDatabaseAdditions.m */; };
		61DBF9BF1E49DAFB00AEF42A /* FMDatabasePool.m in Sources */ = {isa = PBXBuildFile; fileRef = 61DBF9B71E49DAFB00AEF42A /* FMDatabasePool.m */; };
		61DBF9C01E49DAFB00AEF42A /* FMDatabaseQueue.m in Sources */ = {isa = PBXBuildFile; fileRef = 61DBF9B91E49DAFB00AEF42A /* FMDatabaseQueue.m */; };
		61DBF9C11E49DAFB00AEF42A /* FMResultSet.m in Sources */ = {isa = PBXBuildFile; fileRef = 61DBF9BC1E49DAFB00AEF42A /* FMResultSet.m */; };
		61DBF9C51E49E55900AEF42A /* MyCell.m in Sources */ = {isa = PBXBuildFile; fileRef = 61DBF9C31E49E55900AEF42A /* MyCell.m */; };
		61DBF9C61E49E55900AEF42A /* MyCell.xib in Resources */ = {isa = PBXBuildFile; fileRef = 61DBF9C41E49E55900AEF42A /* MyCell.xib */; };
		61DBF9C91E49E9F600AEF42A /* libsqlite3.0.tbd in Frameworks */ = {isa = PBXBuildFile; fileRef = 61DBF9C81E49E9F600AEF42A /* libsqlite3.0.tbd */; };
/* End PBXBuildFile section */

/* Begin PBXContainerItemProxy section */
		61DBF9891E49DA8E00AEF42A /* PBXContainerItemProxy */ = {
			isa = PBXContainerItemProxy;
			containerPortal = 61DBF96D1E49DA8D00AEF42A /* Project object */;
			proxyType = 1;
			remoteGlobalIDString = 61DBF9741E49DA8E00AEF42A;
			remoteInfo = FMDBManager;
		};
		61DBF9941E49DA8E00AEF42A /* PBXContainerItemProxy */ = {
			isa = PBXContainerItemProxy;
			containerPortal = 61DBF96D1E49DA8D00AEF42A /* Project object */;
			proxyType = 1;
			remoteGlobalIDString = 61DBF9741E49DA8E00AEF42A;
			remoteInfo = FMDBManager;
		};
/* End PBXContainerItemProxy section */

/* Begin PBXFileReference section */
		619EF6681E51A906006AFEB7 /* SYFMDBManager.h */ = {isa = PBXFileReference; fileEncoding = 4; lastKnownFileType = sourcecode.c.h; path = SYFMDBManager.h; sourceTree = "<group>"; };
		619EF6691E51A906006AFEB7 /* SYFMDBManager.m */ = {isa = PBXFileReference; fileEncoding = 4; lastKnownFileType = sourcecode.c.objc; path = SYFMDBManager.m; sourceTree = "<group>"; };
		61BED3851E4AECB500B5B91E /* TestViewController.h */ = {isa = PBXFileReference; fileEncoding = 4; lastKnownFileType = sourcecode.c.h; path = TestViewController.h; sourceTree = "<group>"; };
		61BED3861E4AECB500B5B91E /* TestViewController.m */ = {isa = PBXFileReference; fileEncoding = 4; lastKnownFileType = sourcecode.c.objc; path = TestViewController.m; sourceTree = "<group>"; };
		61BED3871E4AECB500B5B91E /* TestViewController.xib */ = {isa = PBXFileReference; fileEncoding = 4; lastKnownFileType = file.xib; path = TestViewController.xib; sourceTree = "<group>"; };
		61BED38A1E4AED9C00B5B91E /* TestModel.h */ = {isa = PBXFileReference; fileEncoding = 4; lastKnownFileType = sourcecode.c.h; path = TestModel.h; sourceTree = "<group>"; };
		61BED38B1E4AED9C00B5B91E /* TestModel.m */ = {isa = PBXFileReference; fileEncoding = 4; lastKnownFileType = sourcecode.c.objc; path = TestModel.m; sourceTree = "<group>"; };
		61DBF9751E49DA8E00AEF42A /* FMDBManager.app */ = {isa = PBXFileReference; explicitFileType = wrapper.application; includeInIndex = 0; path = FMDBManager.app; sourceTree = BUILT_PRODUCTS_DIR; };
		61DBF9791E49DA8E00AEF42A /* main.m */ = {isa = PBXFileReference; lastKnownFileType = sourcecode.c.objc; path = main.m; sourceTree = "<group>"; };
		61DBF97B1E49DA8E00AEF42A /* AppDelegate.h */ = {isa = PBXFileReference; lastKnownFileType = sourcecode.c.h; path = AppDelegate.h; sourceTree = "<group>"; };
		61DBF97C1E49DA8E00AEF42A /* AppDelegate.m */ = {isa = PBXFileReference; lastKnownFileType = sourcecode.c.objc; path = AppDelegate.m; sourceTree = "<group>"; };
		61DBF97E1E49DA8E00AEF42A /* Assets.xcassets */ = {isa = PBXFileReference; lastKnownFileType = folder.assetcatalog; path = Assets.xcassets; sourceTree = "<group>"; };
		61DBF9811E49DA8E00AEF42A /* Base */ = {isa = PBXFileReference; lastKnownFileType = file.storyboard; name = Base; path = Base.lproj/LaunchScreen.storyboard; sourceTree = "<group>"; };
		61DBF9831E49DA8E00AEF42A /* Info.plist */ = {isa = PBXFileReference; lastKnownFileType = text.plist.xml; path = Info.plist; sourceTree = "<group>"; };
		61DBF9881E49DA8E00AEF42A /* FMDBManagerTests.xctest */ = {isa = PBXFileReference; explicitFileType = wrapper.cfbundle; includeInIndex = 0; path = FMDBManagerTests.xctest; sourceTree = BUILT_PRODUCTS_DIR; };
		61DBF98C1E49DA8E00AEF42A /* FMDBManagerTests.m */ = {isa = PBXFileReference; lastKnownFileType = sourcecode.c.objc; path = FMDBManagerTests.m; sourceTree = "<group>"; };
		61DBF98E1E49DA8E00AEF42A /* Info.plist */ = {isa = PBXFileReference; lastKnownFileType = text.plist.xml; path = Info.plist; sourceTree = "<group>"; };
		61DBF9931E49DA8E00AEF42A /* FMDBManagerUITests.xctest */ = {isa = PBXFileReference; explicitFileType = wrapper.cfbundle; includeInIndex = 0; path = FMDBManagerUITests.xctest; sourceTree = BUILT_PRODUCTS_DIR; };
		61DBF9971E49DA8E00AEF42A /* FMDBManagerUITests.m */ = {isa = PBXFileReference; lastKnownFileType = sourcecode.c.objc; path = FMDBManagerUITests.m; sourceTree = "<group>"; };
		61DBF9991E49DA8E00AEF42A /* Info.plist */ = {isa = PBXFileReference; lastKnownFileType = text.plist.xml; path = Info.plist; sourceTree = "<group>"; };
		61DBF9A51E49DAA100AEF42A /* MyViewController.h */ = {isa = PBXFileReference; fileEncoding = 4; lastKnownFileType = sourcecode.c.h; path = MyViewController.h; sourceTree = "<group>"; };
		61DBF9A61E49DAA100AEF42A /* MyViewController.m */ = {isa = PBXFileReference; fileEncoding = 4; lastKnownFileType = sourcecode.c.objc; path = MyViewController.m; sourceTree = "<group>"; };
		61DBF9A81E49DAB000AEF42A /* MyModel.h */ = {isa = PBXFileReference; fileEncoding = 4; lastKnownFileType = sourcecode.c.h; path = MyModel.h; sourceTree = "<group>"; };
		61DBF9A91E49DAB000AEF42A /* MyModel.m */ = {isa = PBXFileReference; fileEncoding = 4; lastKnownFileType = sourcecode.c.objc; path = MyModel.m; sourceTree = "<group>"; };
		61DBF9B21E49DAFB00AEF42A /* FMDatabase.h */ = {isa = PBXFileReference; fileEncoding = 4; lastKnownFileType = sourcecode.c.h; path = FMDatabase.h; sourceTree = "<group>"; };
		61DBF9B31E49DAFB00AEF42A /* FMDatabase.m */ = {isa = PBXFileReference; fileEncoding = 4; lastKnownFileType = sourcecode.c.objc; path = FMDatabase.m; sourceTree = "<group>"; };
		61DBF9B41E49DAFB00AEF42A /* FMDatabaseAdditions.h */ = {isa = PBXFileReference; fileEncoding = 4; lastKnownFileType = sourcecode.c.h; path = FMDatabaseAdditions.h; sourceTree = "<group>"; };
		61DBF9B51E49DAFB00AEF42A /* FMDatabaseAdditions.m */ = {isa = PBXFileReference; fileEncoding = 4; lastKnownFileType = sourcecode.c.objc; path = FMDatabaseAdditions.m; sourceTree = "<group>"; };
		61DBF9B61E49DAFB00AEF42A /* FMDatabasePool.h */ = {isa = PBXFileReference; fileEncoding = 4; lastKnownFileType = sourcecode.c.h; path = FMDatabasePool.h; sourceTree = "<group>"; };
		61DBF9B71E49DAFB00AEF42A /* FMDatabasePool.m */ = {isa = PBXFileReference; fileEncoding = 4; lastKnownFileType = sourcecode.c.objc; path = FMDatabasePool.m; sourceTree = "<group>"; };
		61DBF9B81E49DAFB00AEF42A /* FMDatabaseQueue.h */ = {isa = PBXFileReference; fileEncoding = 4; lastKnownFileType = sourcecode.c.h; path = FMDatabaseQueue.h; sourceTree = "<group>"; };
		61DBF9B91E49DAFB00AEF42A /* FMDatabaseQueue.m */ = {isa = PBXFileReference; fileEncoding = 4; lastKnownFileType = sourcecode.c.objc; path = FMDatabaseQueue.m; sourceTree = "<group>"; };
		61DBF9BA1E49DAFB00AEF42A /* FMDB.h */ = {isa = PBXFileReference; fileEncoding = 4; lastKnownFileType = sourcecode.c.h; path = FMDB.h; sourceTree = "<group>"; };
		61DBF9BB1E49DAFB00AEF42A /* FMResultSet.h */ = {isa = PBXFileReference; fileEncoding = 4; lastKnownFileType = sourcecode.c.h; path = FMResultSet.h; sourceTree = "<group>"; };
		61DBF9BC1E49DAFB00AEF42A /* FMResultSet.m */ = {isa = PBXFileReference; fileEncoding = 4; lastKnownFileType = sourcecode.c.objc; path = FMResultSet.m; sourceTree = "<group>"; };
		61DBF9C21E49E55900AEF42A /* MyCell.h */ = {isa = PBXFileReference; fileEncoding = 4; lastKnownFileType = sourcecode.c.h; path = MyCell.h; sourceTree = "<group>"; };
		61DBF9C31E49E55900AEF42A /* MyCell.m */ = {isa = PBXFileReference; fileEncoding = 4; lastKnownFileType = sourcecode.c.objc; path = MyCell.m; sourceTree = "<group>"; };
		61DBF9C41E49E55900AEF42A /* MyCell.xib */ = {isa = PBXFileReference; fileEncoding = 4; lastKnownFileType = file.xib; path = MyCell.xib; sourceTree = "<group>"; };
		61DBF9C81E49E9F600AEF42A /* libsqlite3.0.tbd */ = {isa = PBXFileReference; lastKnownFileType = "sourcecode.text-based-dylib-definition"; name = libsqlite3.0.tbd; path = usr/lib/libsqlite3.0.tbd; sourceTree = SDKROOT; };
/* End PBXFileReference section */

/* Begin PBXFrameworksBuildPhase section */
		61DBF9721E49DA8E00AEF42A /* Frameworks */ = {
			isa = PBXFrameworksBuildPhase;
			buildActionMask = 2147483647;
			files = (
				61DBF9C91E49E9F600AEF42A /* libsqlite3.0.tbd in Frameworks */,
			);
			runOnlyForDeploymentPostprocessing = 0;
		};
		61DBF9851E49DA8E00AEF42A /* Frameworks */ = {
			isa = PBXFrameworksBuildPhase;
			buildActionMask = 2147483647;
			files = (
			);
			runOnlyForDeploymentPostprocessing = 0;
		};
		61DBF9901E49DA8E00AEF42A /* Frameworks */ = {
			isa = PBXFrameworksBuildPhase;
			buildActionMask = 2147483647;
			files = (
			);
			runOnlyForDeploymentPostprocessing = 0;
		};
/* End PBXFrameworksBuildPhase section */

/* Begin PBXGroup section */
		619EF6671E51A906006AFEB7 /* SYFMDBManager */ = {
			isa = PBXGroup;
			children = (
				619EF6681E51A906006AFEB7 /* SYFMDBManager.h */,
				619EF6691E51A906006AFEB7 /* SYFMDBManager.m */,
			);
			path = SYFMDBManager;
			sourceTree = "<group>";
		};
		61DBF96C1E49DA8D00AEF42A = {
			isa = PBXGroup;
			children = (
				61DBF9771E49DA8E00AEF42A /* FMDBManager */,
				61DBF98B1E49DA8E00AEF42A /* FMDBManagerTests */,
				61DBF9961E49DA8E00AEF42A /* FMDBManagerUITests */,
				61DBF9761E49DA8E00AEF42A /* Products */,
				61DBF9C71E49E9F500AEF42A /* Frameworks */,
			);
			sourceTree = "<group>";
		};
		61DBF9761E49DA8E00AEF42A /* Products */ = {
			isa = PBXGroup;
			children = (
				61DBF9751E49DA8E00AEF42A /* FMDBManager.app */,
				61DBF9881E49DA8E00AEF42A /* FMDBManagerTests.xctest */,
				61DBF9931E49DA8E00AEF42A /* FMDBManagerUITests.xctest */,
			);
			name = Products;
			sourceTree = "<group>";
		};
		61DBF9771E49DA8E00AEF42A /* FMDBManager */ = {
			isa = PBXGroup;
			children = (
				619EF6671E51A906006AFEB7 /* SYFMDBManager */,
				61DBF9B11E49DAFB00AEF42A /* fmdb */,
				61DBF97B1E49DA8E00AEF42A /* AppDelegate.h */,
				61DBF97C1E49DA8E00AEF42A /* AppDelegate.m */,
				61DBF9A51E49DAA100AEF42A /* MyViewController.h */,
				61DBF9A61E49DAA100AEF42A /* MyViewController.m */,
				61BED3851E4AECB500B5B91E /* TestViewController.h */,
				61BED3861E4AECB500B5B91E /* TestViewController.m */,
				61BED3871E4AECB500B5B91E /* TestViewController.xib */,
				61DBF9A81E49DAB000AEF42A /* MyModel.h */,
				61DBF9A91E49DAB000AEF42A /* MyModel.m */,
				61BED38A1E4AED9C00B5B91E /* TestModel.h */,
				61BED38B1E4AED9C00B5B91E /* TestModel.m */,
				61DBF9C21E49E55900AEF42A /* MyCell.h */,
				61DBF9C31E49E55900AEF42A /* MyCell.m */,
				61DBF9C41E49E55900AEF42A /* MyCell.xib */,
				61DBF97E1E49DA8E00AEF42A /* Assets.xcassets */,
				61DBF9801E49DA8E00AEF42A /* LaunchScreen.storyboard */,
				61DBF9831E49DA8E00AEF42A /* Info.plist */,
				61DBF9781E49DA8E00AEF42A /* Supporting Files */,
			);
			path = FMDBManager;
			sourceTree = "<group>";
		};
		61DBF9781E49DA8E00AEF42A /* Supporting Files */ = {
			isa = PBXGroup;
			children = (
				61DBF9791E49DA8E00AEF42A /* main.m */,
			);
			name = "Supporting Files";
			sourceTree = "<group>";
		};
		61DBF98B1E49DA8E00AEF42A /* FMDBManagerTests */ = {
			isa = PBXGroup;
			children = (
				61DBF98C1E49DA8E00AEF42A /* FMDBManagerTests.m */,
				61DBF98E1E49DA8E00AEF42A /* Info.plist */,
			);
			path = FMDBManagerTests;
			sourceTree = "<group>";
		};
		61DBF9961E49DA8E00AEF42A /* FMDBManagerUITests */ = {
			isa = PBXGroup;
			children = (
				61DBF9971E49DA8E00AEF42A /* FMDBManagerUITests.m */,
				61DBF9991E49DA8E00AEF42A /* Info.plist */,
			);
			path = FMDBManagerUITests;
			sourceTree = "<group>";
		};
		61DBF9B11E49DAFB00AEF42A /* fmdb */ = {
			isa = PBXGroup;
			children = (
				61DBF9B21E49DAFB00AEF42A /* FMDatabase.h */,
				61DBF9B31E49DAFB00AEF42A /* FMDatabase.m */,
				61DBF9B41E49DAFB00AEF42A /* FMDatabaseAdditions.h */,
				61DBF9B51E49DAFB00AEF42A /* FMDatabaseAdditions.m */,
				61DBF9B61E49DAFB00AEF42A /* FMDatabasePool.h */,
				61DBF9B71E49DAFB00AEF42A /* FMDatabasePool.m */,
				61DBF9B81E49DAFB00AEF42A /* FMDatabaseQueue.h */,
				61DBF9B91E49DAFB00AEF42A /* FMDatabaseQueue.m */,
				61DBF9BA1E49DAFB00AEF42A /* FMDB.h */,
				61DBF9BB1E49DAFB00AEF42A /* FMResultSet.h */,
				61DBF9BC1E49DAFB00AEF42A /* FMResultSet.m */,
			);
			path = fmdb;
			sourceTree = "<group>";
		};
		61DBF9C71E49E9F500AEF42A /* Frameworks */ = {
			isa = PBXGroup;
			children = (
				61DBF9C81E49E9F600AEF42A /* libsqlite3.0.tbd */,
			);
			name = Frameworks;
			sourceTree = "<group>";
		};
/* End PBXGroup section */

/* Begin PBXNativeTarget section */
		61DBF9741E49DA8E00AEF42A /* FMDBManager */ = {
			isa = PBXNativeTarget;
			buildConfigurationList = 61DBF99C1E49DA8E00AEF42A /* Build configuration list for PBXNativeTarget "FMDBManager" */;
			buildPhases = (
				61DBF9711E49DA8E00AEF42A /* Sources */,
				61DBF9721E49DA8E00AEF42A /* Frameworks */,
				61DBF9731E49DA8E00AEF42A /* Resources */,
			);
			buildRules = (
			);
			dependencies = (
			);
			name = FMDBManager;
			productName = FMDBManager;
			productReference = 61DBF9751E49DA8E00AEF42A /* FMDBManager.app */;
			productType = "com.apple.product-type.application";
		};
		61DBF9871E49DA8E00AEF42A /* FMDBManagerTests */ = {
			isa = PBXNativeTarget;
			buildConfigurationList = 61DBF99F1E49DA8E00AEF42A /* Build configuration list for PBXNativeTarget "FMDBManagerTests" */;
			buildPhases = (
				61DBF9841E49DA8E00AEF42A /* Sources */,
				61DBF9851E49DA8E00AEF42A /* Frameworks */,
				61DBF9861E49DA8E00AEF42A /* Resources */,
			);
			buildRules = (
			);
			dependencies = (
				61DBF98A1E49DA8E00AEF42A /* PBXTargetDependency */,
			);
			name = FMDBManagerTests;
			productName = FMDBManagerTests;
			productReference = 61DBF9881E49DA8E00AEF42A /* FMDBManagerTests.xctest */;
			productType = "com.apple.product-type.bundle.unit-test";
		};
		61DBF9921E49DA8E00AEF42A /* FMDBManagerUITests */ = {
			isa = PBXNativeTarget;
			buildConfigurationList = 61DBF9A21E49DA8E00AEF42A /* Build configuration list for PBXNativeTarget "FMDBManagerUITests" */;
			buildPhases = (
				61DBF98F1E49DA8E00AEF42A /* Sources */,
				61DBF9901E49DA8E00AEF42A /* Frameworks */,
				61DBF9911E49DA8E00AEF42A /* Resources */,
			);
			buildRules = (
			);
			dependencies = (
				61DBF9951E49DA8E00AEF42A /* PBXTargetDependency */,
			);
			name = FMDBManagerUITests;
			productName = FMDBManagerUITests;
			productReference = 61DBF9931E49DA8E00AEF42A /* FMDBManagerUITests.xctest */;
			productType = "com.apple.product-type.bundle.ui-testing";
		};
/* End PBXNativeTarget section */

/* Begin PBXProject section */
		61DBF96D1E49DA8D00AEF42A /* Project object */ = {
			isa = PBXProject;
			attributes = {
				LastUpgradeCheck = 0820;
				ORGANIZATIONNAME = DuKaiShun;
				TargetAttributes = {
					61DBF9741E49DA8E00AEF42A = {
						CreatedOnToolsVersion = 8.2.1;
						DevelopmentTeam = X42645MK9G;
						ProvisioningStyle = Automatic;
					};
					61DBF9871E49DA8E00AEF42A = {
						CreatedOnToolsVersion = 8.2.1;
						DevelopmentTeam = X42645MK9G;
						ProvisioningStyle = Automatic;
						TestTargetID = 61DBF9741E49DA8E00AEF42A;
					};
					61DBF9921E49DA8E00AEF42A = {
						CreatedOnToolsVersion = 8.2.1;
						DevelopmentTeam = X42645MK9G;
						ProvisioningStyle = Automatic;
						TestTargetID = 61DBF9741E49DA8E00AEF42A;
					};
				};
			};
			buildConfigurationList = 61DBF9701E49DA8D00AEF42A /* Build configuration list for PBXProject "FMDBManager" */;
			compatibilityVersion = "Xcode 3.2";
			developmentRegion = English;
			hasScannedForEncodings = 0;
			knownRegions = (
				en,
				Base,
			);
			mainGroup = 61DBF96C1E49DA8D00AEF42A;
			productRefGroup = 61DBF9761E49DA8E00AEF42A /* Products */;
			projectDirPath = "";
			projectRoot = "";
			targets = (
				61DBF9741E49DA8E00AEF42A /* FMDBManager */,
				61DBF9871E49DA8E00AEF42A /* FMDBManagerTests */,
				61DBF9921E49DA8E00AEF42A /* FMDBManagerUITests */,
			);
		};
/* End PBXProject section */

/* Begin PBXResourcesBuildPhase section */
		61DBF9731E49DA8E00AEF42A /* Resources */ = {
			isa = PBXResourcesBuildPhase;
			buildActionMask = 2147483647;
			files = (
				61DBF97F1E49DA8E00AEF42A /* Assets.xcassets in Resources */,
				61DBF9C61E49E55900AEF42A /* MyCell.xib in Resources */,
				61BED3891E4AECB500B5B91E /* TestViewController.xib in Resources */,
				61DBF9821E49DA8E00AEF42A /* LaunchScreen.storyboard in Resources */,
			);
			runOnlyForDeploymentPostprocessing = 0;
		};
		61DBF9861E49DA8E00AEF42A /* Resources */ = {
			isa = PBXResourcesBuildPhase;
			buildActionMask = 2147483647;
			files = (
			);
			runOnlyForDeploymentPostprocessing = 0;
		};
		61DBF9911E49DA8E00AEF42A /* Resources */ = {
			isa = PBXResourcesBuildPhase;
			buildActionMask = 2147483647;
			files = (
			);
			runOnlyForDeploymentPostprocessing = 0;
		};
/* End PBXResourcesBuildPhase section */

/* Begin PBXSourcesBuildPhase section */
		61DBF9711E49DA8E00AEF42A /* Sources */ = {
			isa = PBXSourcesBuildPhase;
			buildActionMask = 2147483647;
			files = (
				61DBF9A71E49DAA100AEF42A /* MyViewController.m in Sources */,
				619EF66A1E51A906006AFEB7 /* SYFMDBManager.m in Sources */,
				61BED3881E4AECB500B5B91E /* TestViewController.m in Sources */,
				61DBF97D1E49DA8E00AEF42A /* AppDelegate.m in Sources */,
				61DBF9BD1E49DAFB00AEF42A /* FMDatabase.m in Sources */,
				61BED38C1E4AED9C00B5B91E /* TestModel.m in Sources */,
				61DBF9BF1E49DAFB00AEF42A /* FMDatabasePool.m in Sources */,
				61DBF9C01E49DAFB00AEF42A /* FMDatabaseQueue.m in Sources */,
				61DBF97A1E49DA8E00AEF42A /* main.m in Sources */,
				61DBF9C51E49E55900AEF42A /* MyCell.m in Sources */,
				61DBF9C11E49DAFB00AEF42A /* FMResultSet.m in Sources */,
				61DBF9AA1E49DAB000AEF42A /* MyModel.m in Sources */,
				61DBF9BE1E49DAFB00AEF42A /* FMDatabaseAdditions.m in Sources */,
			);
			runOnlyForDeploymentPostprocessing = 0;
		};
		61DBF9841E49DA8E00AEF42A /* Sources */ = {
			isa = PBXSourcesBuildPhase;
			buildActionMask = 2147483647;
			files = (
				61DBF98D1E49DA8E00AEF42A /* FMDBManagerTests.m in Sources */,
			);
			runOnlyForDeploymentPostprocessing = 0;
		};
		61DBF98F1E49DA8E00AEF42A /* Sources */ = {
			isa = PBXSourcesBuildPhase;
			buildActionMask = 2147483647;
			files = (
				61DBF9981E49DA8E00AEF42A /* FMDBManagerUITests.m in Sources */,
			);
			runOnlyForDeploymentPostprocessing = 0;
		};
/* End PBXSourcesBuildPhase section */

/* Begin PBXTargetDependency section */
		61DBF98A1E49DA8E00AEF42A /* PBXTargetDependency */ = {
			isa = PBXTargetDependency;
			target = 61DBF9741E49DA8E00AEF42A /* FMDBManager */;
			targetProxy = 61DBF9891E49DA8E00AEF42A /* PBXContainerItemProxy */;
		};
		61DBF9951E49DA8E00AEF42A /* PBXTargetDependency */ = {
			isa = PBXTargetDependency;
			target = 61DBF9741E49DA8E00AEF42A /* FMDBManager */;
			targetProxy = 61DBF9941E49DA8E00AEF42A /* PBXContainerItemProxy */;
		};
/* End PBXTargetDependency section */

/* Begin PBXVariantGroup section */
		61DBF9801E49DA8E00AEF42A /* LaunchScreen.storyboard */ = {
			isa = PBXVariantGroup;
			children = (
				61DBF9811E49DA8E00AEF42A /* Base */,
			);
			name = LaunchScreen.storyboard;
			sourceTree = "<group>";
		};
/* End PBXVariantGroup section */

/* Begin XCBuildConfiguration section */
		61DBF99A1E49DA8E00AEF42A /* Debug */ = {
			isa = XCBuildConfiguration;
			buildSettings = {
				ALWAYS_SEARCH_USER_PATHS = NO;
				CLANG_ANALYZER_NONNULL = YES;
				CLANG_CXX_LANGUAGE_STANDARD = "gnu++0x";
				CLANG_CXX_LIBRARY = "libc++";
				CLANG_ENABLE_MODULES = YES;
				CLANG_ENABLE_OBJC_ARC = YES;
				CLANG_WARN_BOOL_CONVERSION = YES;
				CLANG_WARN_CONSTANT_CONVERSION = YES;
				CLANG_WARN_DIRECT_OBJC_ISA_USAGE = YES_ERROR;
				CLANG_WARN_DOCUMENTATION_COMMENTS = YES;
				CLANG_WARN_EMPTY_BODY = YES;
				CLANG_WARN_ENUM_CONVERSION = YES;
				CLANG_WARN_INFINITE_RECURSION = YES;
				CLANG_WARN_INT_CONVERSION = YES;
				CLANG_WARN_OBJC_ROOT_CLASS = YES_ERROR;
				CLANG_WARN_SUSPICIOUS_MOVE = YES;
				CLANG_WARN_UNREACHABLE_CODE = YES;
				CLANG_WARN__DUPLICATE_METHOD_MATCH = YES;
				"CODE_SIGN_IDENTITY[sdk=iphoneos*]" = "iPhone Developer";
				COPY_PHASE_STRIP = NO;
				DEBUG_INFORMATION_FORMAT = dwarf;
				ENABLE_STRICT_OBJC_MSGSEND = YES;
				ENABLE_TESTABILITY = YES;
				GCC_C_LANGUAGE_STANDARD = gnu99;
				GCC_DYNAMIC_NO_PIC = NO;
				GCC_NO_COMMON_BLOCKS = YES;
				GCC_OPTIMIZATION_LEVEL = 0;
				GCC_PREPROCESSOR_DEFINITIONS = (
					"DEBUG=1",
					"$(inherited)",
				);
				GCC_WARN_64_TO_32_BIT_CONVERSION = YES;
				GCC_WARN_ABOUT_RETURN_TYPE = YES_ERROR;
				GCC_WARN_UNDECLARED_SELECTOR = YES;
				GCC_WARN_UNINITIALIZED_AUTOS = YES_AGGRESSIVE;
				GCC_WARN_UNUSED_FUNCTION = YES;
				GCC_WARN_UNUSED_VARIABLE = YES;
				IPHONEOS_DEPLOYMENT_TARGET = 10.2;
				MTL_ENABLE_DEBUG_INFO = YES;
				ONLY_ACTIVE_ARCH = YES;
				SDKROOT = iphoneos;
				TARGETED_DEVICE_FAMILY = "1,2";
			};
			name = Debug;
		};
		61DBF99B1E49DA8E00AEF42A /* Release */ = {
			isa = XCBuildConfiguration;
			buildSettings = {
				ALWAYS_SEARCH_USER_PATHS = NO;
				CLANG_ANALYZER_NONNULL = YES;
				CLANG_CXX_LANGUAGE_STANDARD = "gnu++0x";
				CLANG_CXX_LIBRARY = "libc++";
				CLANG_ENABLE_MODULES = YES;
				CLANG_ENABLE_OBJC_ARC = YES;
				CLANG_WARN_BOOL_CONVERSION = YES;
				CLANG_WARN_CONSTANT_CONVERSION = YES;
				CLANG_WARN_DIRECT_OBJC_ISA_USAGE = YES_ERROR;
				CLANG_WARN_DOCUMENTATION_COMMENTS = YES;
				CLANG_WARN_EMPTY_BODY = YES;
				CLANG_WARN_ENUM_CONVERSION = YES;
				CLANG_WARN_INFINITE_RECURSION = YES;
				CLANG_WARN_INT_CONVERSION = YES;
				CLANG_WARN_OBJC_ROOT_CLASS = YES_ERROR;
				CLANG_WARN_SUSPICIOUS_MOVE = YES;
				CLANG_WARN_UNREACHABLE_CODE = YES;
				CLANG_WARN__DUPLICATE_METHOD_MATCH = YES;
				"CODE_SIGN_IDENTITY[sdk=iphoneos*]" = "iPhone Developer";
				COPY_PHASE_STRIP = NO;
				DEBUG_INFORMATION_FORMAT = "dwarf-with-dsym";
				ENABLE_NS_ASSERTIONS = NO;
				ENABLE_STRICT_OBJC_MSGSEND = YES;
				GCC_C_LANGUAGE_STANDARD = gnu99;
				GCC_NO_COMMON_BLOCKS = YES;
				GCC_WARN_64_TO_32_BIT_CONVERSION = YES;
				GCC_WARN_ABOUT_RETURN_TYPE = YES_ERROR;
				GCC_WARN_UNDECLARED_SELECTOR = YES;
				GCC_WARN_UNINITIALIZED_AUTOS = YES_AGGRESSIVE;
				GCC_WARN_UNUSED_FUNCTION = YES;
				GCC_WARN_UNUSED_VARIABLE = YES;
				IPHONEOS_DEPLOYMENT_TARGET = 10.2;
				MTL_ENABLE_DEBUG_INFO = NO;
				SDKROOT = iphoneos;
				TARGETED_DEVICE_FAMILY = "1,2";
				VALIDATE_PRODUCT = YES;
			};
			name = Release;
		};
		61DBF99D1E49DA8E00AEF42A /* Debug */ = {
			isa = XCBuildConfiguration;
			buildSettings = {
				ASSETCATALOG_COMPILER_APPICON_NAME = AppIcon;
				DEVELOPMENT_TEAM = X42645MK9G;
				INFOPLIST_FILE = FMDBManager/Info.plist;
				LD_RUNPATH_SEARCH_PATHS = "$(inherited) @executable_path/Frameworks";
				PRODUCT_BUNDLE_IDENTIFIER = com.robooot.FMDBManager;
				PRODUCT_NAME = "$(TARGET_NAME)";
			};
			name = Debug;
		};
		61DBF99E1E49DA8E00AEF42A /* Release */ = {
			isa = XCBuildConfiguration;
			buildSettings = {
				ASSETCATALOG_COMPILER_APPICON_NAME = AppIcon;
				DEVELOPMENT_TEAM = X42645MK9G;
				INFOPLIST_FILE = FMDBManager/Info.plist;
				LD_RUNPATH_SEARCH_PATHS = "$(inherited) @executable_path/Frameworks";
				PRODUCT_BUNDLE_IDENTIFIER = com.robooot.FMDBManager;
				PRODUCT_NAME = "$(TARGET_NAME)";
			};
			name = Release;
		};
		61DBF9A01E49DA8E00AEF42A /* Debug */ = {
			isa = XCBuildConfiguration;
			buildSettings = {
				BUNDLE_LOADER = "$(TEST_HOST)";
				DEVELOPMENT_TEAM = X42645MK9G;
				INFOPLIST_FILE = FMDBManagerTests/Info.plist;
				LD_RUNPATH_SEARCH_PATHS = "$(inherited) @executable_path/Frameworks @loader_path/Frameworks";
				PRODUCT_BUNDLE_IDENTIFIER = com.robooot.FMDBManagerTests;
				PRODUCT_NAME = "$(TARGET_NAME)";
				TEST_HOST = "$(BUILT_PRODUCTS_DIR)/FMDBManager.app/FMDBManager";
			};
			name = Debug;
		};
		61DBF9A11E49DA8E00AEF42A /* Release */ = {
			isa = XCBuildConfiguration;
			buildSettings = {
				BUNDLE_LOADER = "$(TEST_HOST)";
				DEVELOPMENT_TEAM = X42645MK9G;
				INFOPLIST_FILE = FMDBManagerTests/Info.plist;
				LD_RUNPATH_SEARCH_PATHS = "$(inherited) @executable_path/Frameworks @loader_path/Frameworks";
				PRODUCT_BUNDLE_IDENTIFIER = com.robooot.FMDBManagerTests;
				PRODUCT_NAME = "$(TARGET_NAME)";
				TEST_HOST = "$(BUILT_PRODUCTS_DIR)/FMDBManager.app/FMDBManager";
			};
			name = Release;
		};
		61DBF9A31E49DA8E00AEF42A /* Debug */ = {
			isa = XCBuildConfiguration;
			buildSettings = {
				DEVELOPMENT_TEAM = X42645MK9G;
				INFOPLIST_FILE = FMDBManagerUITests/Info.plist;
				LD_RUNPATH_SEARCH_PATHS = "$(inherited) @executable_path/Frameworks @loader_path/Frameworks";
				PRODUCT_BUNDLE_IDENTIFIER = com.robooot.FMDBManagerUITests;
				PRODUCT_NAME = "$(TARGET_NAME)";
				TEST_TARGET_NAME = FMDBManager;
			};
			name = Debug;
		};
		61DBF9A41E49DA8E00AEF42A /* Release */ = {
			isa = XCBuildConfiguration;
			buildSettings = {
				DEVELOPMENT_TEAM = X42645MK9G;
				INFOPLIST_FILE = FMDBManagerUITests/Info.plist;
				LD_RUNPATH_SEARCH_PATHS = "$(inherited) @executable_path/Frameworks @loader_path/Frameworks";
				PRODUCT_BUNDLE_IDENTIFIER = com.robooot.FMDBManagerUITests;
				PRODUCT_NAME = "$(TARGET_NAME)";
				TEST_TARGET_NAME = FMDBManager;
			};
			name = Release;
		};
/* End XCBuildConfiguration section */

/* Begin XCConfigurationList section */
		61DBF9701E49DA8D00AEF42A /* Build configuration list for PBXProject "FMDBManager" */ = {
			isa = XCConfigurationList;
			buildConfigurations = (
				61DBF99A1E49DA8E00AEF42A /* Debug */,
				61DBF99B1E49DA8E00AEF42A /* Release */,
			);
			defaultConfigurationIsVisible = 0;
			defaultConfigurationName = Release;
		};
		61DBF99C1E49DA8E00AEF42A /* Build configuration list for PBXNativeTarget "FMDBManager" */ = {
			isa = XCConfigurationList;
			buildConfigurations = (
				61DBF99D1E49DA8E00AEF42A /* Debug */,
				61DBF99E1E49DA8E00AEF42A /* Release */,
			);
			defaultConfigurationIsVisible = 0;
			defaultConfigurationName = Release;
		};
		61DBF99F1E49DA8E00AEF42A /* Build configuration list for PBXNativeTarget "FMDBManagerTests" */ = {
			isa = XCConfigurationList;
			buildConfigurations = (
				61DBF9A01E49DA8E00AEF42A /* Debug */,
				61DBF9A11E49DA8E00AEF42A /* Release */,
			);
			defaultConfigurationIsVisible = 0;
			defaultConfigurationName = Release;
		};
		61DBF9A21E49DA8E00AEF42A /* Build configuration list for PBXNativeTarget "FMDBManagerUITests" */ = {
			isa = XCConfigurationList;
			buildConfigurations = (
				61DBF9A31E49DA8E00AEF42A /* Debug */,
				61DBF9A41E49DA8E00AEF42A /* Release */,
			);
			defaultConfigurationIsVisible = 0;
			defaultConfigurationName = Release;
		};
/* End XCConfigurationList section */
	};
	rootObject = 61DBF96D1E49DA8D00AEF42A /* Project object */;
}
